// !$*UTF8*$!
{
	archiveVersion = 1;
	classes = {
	};
	objectVersion = 46;
	objects = {

/* Begin PBXBuildFile section */
		84101C331F04A2D4007F2F87 /* WeatherVC.swift in Sources */ = {isa = PBXBuildFile; fileRef = 84B6FB781F046A2800C390E2 /* WeatherVC.swift */; };
		84101C391F05AD63007F2F87 /* CurrentWeather.swift in Sources */ = {isa = PBXBuildFile; fileRef = 84101C381F05AD63007F2F87 /* CurrentWeather.swift */; };
		84101C3B1F05B0F4007F2F87 /* Constants.swift in Sources */ = {isa = PBXBuildFile; fileRef = 84101C3A1F05B0F4007F2F87 /* Constants.swift */; };
		8467F3E81F05BB7600A73E6C /* CurrentWeather.swift in Sources */ = {isa = PBXBuildFile; fileRef = 84101C381F05AD63007F2F87 /* CurrentWeather.swift */; };
		8467F3E91F05BB7900A73E6C /* Constants.swift in Sources */ = {isa = PBXBuildFile; fileRef = 84101C3A1F05B0F4007F2F87 /* Constants.swift */; };
		8467F3EB1F05E24A00A73E6C /* Forecast.swift in Sources */ = {isa = PBXBuildFile; fileRef = 8467F3EA1F05E24A00A73E6C /* Forecast.swift */; };
		8467F3EC1F05E24D00A73E6C /* Forecast.swift in Sources */ = {isa = PBXBuildFile; fileRef = 8467F3EA1F05E24A00A73E6C /* Forecast.swift */; };
		8467F3F01F080C5E00A73E6C /* WeatherCell.swift in Sources */ = {isa = PBXBuildFile; fileRef = 8467F3EF1F080C5E00A73E6C /* WeatherCell.swift */; };
		8467F3F11F08174200A73E6C /* WeatherCell.swift in Sources */ = {isa = PBXBuildFile; fileRef = 8467F3EF1F080C5E00A73E6C /* WeatherCell.swift */; };
		84B6FB771F046A2800C390E2 /* AppDelegate.swift in Sources */ = {isa = PBXBuildFile; fileRef = 84B6FB761F046A2800C390E2 /* AppDelegate.swift */; };
		84B6FB791F046A2800C390E2 /* WeatherVC.swift in Sources */ = {isa = PBXBuildFile; fileRef = 84B6FB781F046A2800C390E2 /* WeatherVC.swift */; };
		84B6FB7C1F046A2800C390E2 /* Main.storyboard in Resources */ = {isa = PBXBuildFile; fileRef = 84B6FB7A1F046A2800C390E2 /* Main.storyboard */; };
		84B6FB7E1F046A2800C390E2 /* Assets.xcassets in Resources */ = {isa = PBXBuildFile; fileRef = 84B6FB7D1F046A2800C390E2 /* Assets.xcassets */; };
		84B6FB811F046A2800C390E2 /* LaunchScreen.storyboard in Resources */ = {isa = PBXBuildFile; fileRef = 84B6FB7F1F046A2800C390E2 /* LaunchScreen.storyboard */; };
		84B6FB8C1F046A2800C390E2 /* rainyShinyCloudyTests.swift in Sources */ = {isa = PBXBuildFile; fileRef = 84B6FB8B1F046A2800C390E2 /* rainyShinyCloudyTests.swift */; };
		84B6FB971F046A2800C390E2 /* rainyShinyCloudyUITests.swift in Sources */ = {isa = PBXBuildFile; fileRef = 84B6FB961F046A2800C390E2 /* rainyShinyCloudyUITests.swift */; };
		84CC7B6C1F504DEE00632863 /* Location.swift in Sources */ = {isa = PBXBuildFile; fileRef = 84CC7B6B1F504DEE00632863 /* Location.swift */; };
		B7274C837A7A399BA3858040 /* Pods_rainyShinyCloudy.framework in Frameworks */ = {isa = PBXBuildFile; fileRef = CD744A068307B2C9ECFC90A7 /* Pods_rainyShinyCloudy.framework */; };
/* End PBXBuildFile section */

/* Begin PBXContainerItemProxy section */
		84B6FB881F046A2800C390E2 /* PBXContainerItemProxy */ = {
			isa = PBXContainerItemProxy;
			containerPortal = 84B6FB6B1F046A2700C390E2 /* Project object */;
			proxyType = 1;
			remoteGlobalIDString = 84B6FB721F046A2700C390E2;
			remoteInfo = rainyShinyCloudy;
		};
		84B6FB931F046A2800C390E2 /* PBXContainerItemProxy */ = {
			isa = PBXContainerItemProxy;
			containerPortal = 84B6FB6B1F046A2700C390E2 /* Project object */;
			proxyType = 1;
			remoteGlobalIDString = 84B6FB721F046A2700C390E2;
			remoteInfo = rainyShinyCloudy;
		};
/* End PBXContainerItemProxy section */

/* Begin PBXFileReference section */
		53CE11F26DEEB17862F6FDB4 /* Pods-rainyShinyCloudy.release.xcconfig */ = {isa = PBXFileReference; includeInIndex = 1; lastKnownFileType = text.xcconfig; name = "Pods-rainyShinyCloudy.release.xcconfig"; path = "Pods/Target Support Files/Pods-rainyShinyCloudy/Pods-rainyShinyCloudy.release.xcconfig"; sourceTree = "<group>"; };
		84101C381F05AD63007F2F87 /* CurrentWeather.swift */ = {isa = PBXFileReference; fileEncoding = 4; lastKnownFileType = sourcecode.swift; path = CurrentWeather.swift; sourceTree = "<group>"; };
		84101C3A1F05B0F4007F2F87 /* Constants.swift */ = {isa = PBXFileReference; fileEncoding = 4; lastKnownFileType = sourcecode.swift; path = Constants.swift; sourceTree = "<group>"; };
		8467F3EA1F05E24A00A73E6C /* Forecast.swift */ = {isa = PBXFileReference; fileEncoding = 4; lastKnownFileType = sourcecode.swift; path = Forecast.swift; sourceTree = "<group>"; };
		8467F3EF1F080C5E00A73E6C /* WeatherCell.swift */ = {isa = PBXFileReference; fileEncoding = 4; lastKnownFileType = sourcecode.swift; path = WeatherCell.swift; sourceTree = "<group>"; };
		84B6FB731F046A2800C390E2 /* rainyShinyCloudy.app */ = {isa = PBXFileReference; explicitFileType = wrapper.application; includeInIndex = 0; path = rainyShinyCloudy.app; sourceTree = BUILT_PRODUCTS_DIR; };
		84B6FB761F046A2800C390E2 /* AppDelegate.swift */ = {isa = PBXFileReference; lastKnownFileType = sourcecode.swift; path = AppDelegate.swift; sourceTree = "<group>"; };
		84B6FB781F046A2800C390E2 /* WeatherVC.swift */ = {isa = PBXFileReference; lastKnownFileType = sourcecode.swift; path = WeatherVC.swift; sourceTree = "<group>"; };
		84B6FB7B1F046A2800C390E2 /* Base */ = {isa = PBXFileReference; lastKnownFileType = file.storyboard; name = Base; path = Base.lproj/Main.storyboard; sourceTree = "<group>"; };
		84B6FB7D1F046A2800C390E2 /* Assets.xcassets */ = {isa = PBXFileReference; lastKnownFileType = folder.assetcatalog; path = Assets.xcassets; sourceTree = "<group>"; };
		84B6FB801F046A2800C390E2 /* Base */ = {isa = PBXFileReference; lastKnownFileType = file.storyboard; name = Base; path = Base.lproj/LaunchScreen.storyboard; sourceTree = "<group>"; };
		84B6FB821F046A2800C390E2 /* Info.plist */ = {isa = PBXFileReference; lastKnownFileType = text.plist.xml; path = Info.plist; sourceTree = "<group>"; };
		84B6FB871F046A2800C390E2 /* rainyShinyCloudyTests.xctest */ = {isa = PBXFileReference; explicitFileType = wrapper.cfbundle; includeInIndex = 0; path = rainyShinyCloudyTests.xctest; sourceTree = BUILT_PRODUCTS_DIR; };
		84B6FB8B1F046A2800C390E2 /* rainyShinyCloudyTests.swift */ = {isa = PBXFileReference; lastKnownFileType = sourcecode.swift; path = rainyShinyCloudyTests.swift; sourceTree = "<group>"; };
		84B6FB8D1F046A2800C390E2 /* Info.plist */ = {isa = PBXFileReference; lastKnownFileType = text.plist.xml; path = Info.plist; sourceTree = "<group>"; };
		84B6FB921F046A2800C390E2 /* rainyShinyCloudyUITests.xctest */ = {isa = PBXFileReference; explicitFileType = wrapper.cfbundle; includeInIndex = 0; path = rainyShinyCloudyUITests.xctest; sourceTree = BUILT_PRODUCTS_DIR; };
		84B6FB961F046A2800C390E2 /* rainyShinyCloudyUITests.swift */ = {isa = PBXFileReference; lastKnownFileType = sourcecode.swift; path = rainyShinyCloudyUITests.swift; sourceTree = "<group>"; };
		84B6FB981F046A2800C390E2 /* Info.plist */ = {isa = PBXFileReference; lastKnownFileType = text.plist.xml; path = Info.plist; sourceTree = "<group>"; };
		84CC7B6B1F504DEE00632863 /* Location.swift */ = {isa = PBXFileReference; fileEncoding = 4; lastKnownFileType = sourcecode.swift; path = Location.swift; sourceTree = "<group>"; };
		C3A2729009D42041C4510ABA /* Pods-rainyShinyCloudy.debug.xcconfig */ = {isa = PBXFileReference; includeInIndex = 1; lastKnownFileType = text.xcconfig; name = "Pods-rainyShinyCloudy.debug.xcconfig"; path = "Pods/Target Support Files/Pods-rainyShinyCloudy/Pods-rainyShinyCloudy.debug.xcconfig"; sourceTree = "<group>"; };
		CD744A068307B2C9ECFC90A7 /* Pods_rainyShinyCloudy.framework */ = {isa = PBXFileReference; explicitFileType = wrapper.framework; includeInIndex = 0; path = Pods_rainyShinyCloudy.framework; sourceTree = BUILT_PRODUCTS_DIR; };
/* End PBXFileReference section */

/* Begin PBXFrameworksBuildPhase section */
		84B6FB701F046A2700C390E2 /* Frameworks */ = {
			isa = PBXFrameworksBuildPhase;
			buildActionMask = 2147483647;
			files = (
				B7274C837A7A399BA3858040 /* Pods_rainyShinyCloudy.framework in Frameworks */,
			);
			runOnlyForDeploymentPostprocessing = 0;
		};
		84B6FB841F046A2800C390E2 /* Frameworks */ = {
			isa = PBXFrameworksBuildPhase;
			buildActionMask = 2147483647;
			files = (
			);
			runOnlyForDeploymentPostprocessing = 0;
		};
		84B6FB8F1F046A2800C390E2 /* Frameworks */ = {
			isa = PBXFrameworksBuildPhase;
			buildActionMask = 2147483647;
			files = (
			);
			runOnlyForDeploymentPostprocessing = 0;
		};
/* End PBXFrameworksBuildPhase section */

/* Begin PBXGroup section */
		1839C6812C75B8E88702F4E2 /* Pods */ = {
			isa = PBXGroup;
			children = (
				C3A2729009D42041C4510ABA /* Pods-rainyShinyCloudy.debug.xcconfig */,
				53CE11F26DEEB17862F6FDB4 /* Pods-rainyShinyCloudy.release.xcconfig */,
			);
			name = Pods;
			sourceTree = "<group>";
		};
		84B6FB6A1F046A2700C390E2 = {
			isa = PBXGroup;
			children = (
				84B6FB751F046A2800C390E2 /* rainyShinyCloudy */,
				84B6FB8A1F046A2800C390E2 /* rainyShinyCloudyTests */,
				84B6FB951F046A2800C390E2 /* rainyShinyCloudyUITests */,
				84B6FB741F046A2800C390E2 /* Products */,
				1839C6812C75B8E88702F4E2 /* Pods */,
				FD2BF829E429E2994E2AB278 /* Frameworks */,
			);
			sourceTree = "<group>";
		};
		84B6FB741F046A2800C390E2 /* Products */ = {
			isa = PBXGroup;
			children = (
				84B6FB731F046A2800C390E2 /* rainyShinyCloudy.app */,
				84B6FB871F046A2800C390E2 /* rainyShinyCloudyTests.xctest */,
				84B6FB921F046A2800C390E2 /* rainyShinyCloudyUITests.xctest */,
			);
			name = Products;
			sourceTree = "<group>";
		};
		84B6FB751F046A2800C390E2 /* rainyShinyCloudy */ = {
			isa = PBXGroup;
			children = (
				84B6FB761F046A2800C390E2 /* AppDelegate.swift */,
				84B6FB781F046A2800C390E2 /* WeatherVC.swift */,
				84101C381F05AD63007F2F87 /* CurrentWeather.swift */,
				84101C3A1F05B0F4007F2F87 /* Constants.swift */,
				8467F3EA1F05E24A00A73E6C /* Forecast.swift */,
				8467F3EF1F080C5E00A73E6C /* WeatherCell.swift */,
				84CC7B6B1F504DEE00632863 /* Location.swift */,
				84B6FB7A1F046A2800C390E2 /* Main.storyboard */,
				84B6FB7F1F046A2800C390E2 /* LaunchScreen.storyboard */,
				84B6FB821F046A2800C390E2 /* Info.plist */,
				84B6FB7D1F046A2800C390E2 /* Assets.xcassets */,
			);
			path = rainyShinyCloudy;
			sourceTree = "<group>";
		};
		84B6FB8A1F046A2800C390E2 /* rainyShinyCloudyTests */ = {
			isa = PBXGroup;
			children = (
				84B6FB8B1F046A2800C390E2 /* rainyShinyCloudyTests.swift */,
				84B6FB8D1F046A2800C390E2 /* Info.plist */,
			);
			path = rainyShinyCloudyTests;
			sourceTree = "<group>";
		};
		84B6FB951F046A2800C390E2 /* rainyShinyCloudyUITests */ = {
			isa = PBXGroup;
			children = (
				84B6FB961F046A2800C390E2 /* rainyShinyCloudyUITests.swift */,
				84B6FB981F046A2800C390E2 /* Info.plist */,
			);
			path = rainyShinyCloudyUITests;
			sourceTree = "<group>";
		};
		FD2BF829E429E2994E2AB278 /* Frameworks */ = {
			isa = PBXGroup;
			children = (
				CD744A068307B2C9ECFC90A7 /* Pods_rainyShinyCloudy.framework */,
			);
			name = Frameworks;
			sourceTree = "<group>";
		};
/* End PBXGroup section */

/* Begin PBXNativeTarget section */
		84B6FB721F046A2700C390E2 /* rainyShinyCloudy */ = {
			isa = PBXNativeTarget;
			buildConfigurationList = 84B6FB9B1F046A2800C390E2 /* Build configuration list for PBXNativeTarget "rainyShinyCloudy" */;
			buildPhases = (
				30D3CA8D483761ACCDE91E3E /* [CP] Check Pods Manifest.lock */,
				84B6FB6F1F046A2700C390E2 /* Sources */,
				84B6FB701F046A2700C390E2 /* Frameworks */,
				84B6FB711F046A2700C390E2 /* Resources */,
				2BAB9ECD3D14AA9684D37695 /* [CP] Embed Pods Frameworks */,
				6CE67A05672048E61542AAD1 /* [CP] Copy Pods Resources */,
			);
			buildRules = (
			);
			dependencies = (
			);
			name = rainyShinyCloudy;
			productName = rainyShinyCloudy;
			productReference = 84B6FB731F046A2800C390E2 /* rainyShinyCloudy.app */;
			productType = "com.apple.product-type.application";
		};
		84B6FB861F046A2800C390E2 /* rainyShinyCloudyTests */ = {
			isa = PBXNativeTarget;
			buildConfigurationList = 84B6FB9E1F046A2800C390E2 /* Build configuration list for PBXNativeTarget "rainyShinyCloudyTests" */;
			buildPhases = (
				84B6FB831F046A2800C390E2 /* Sources */,
				84B6FB841F046A2800C390E2 /* Frameworks */,
				84B6FB851F046A2800C390E2 /* Resources */,
			);
			buildRules = (
			);
			dependencies = (
				84B6FB891F046A2800C390E2 /* PBXTargetDependency */,
			);
			name = rainyShinyCloudyTests;
			productName = rainyShinyCloudyTests;
			productReference = 84B6FB871F046A2800C390E2 /* rainyShinyCloudyTests.xctest */;
			productType = "com.apple.product-type.bundle.unit-test";
		};
		84B6FB911F046A2800C390E2 /* rainyShinyCloudyUITests */ = {
			isa = PBXNativeTarget;
			buildConfigurationList = 84B6FBA11F046A2800C390E2 /* Build configuration list for PBXNativeTarget "rainyShinyCloudyUITests" */;
			buildPhases = (
				84B6FB8E1F046A2800C390E2 /* Sources */,
				84B6FB8F1F046A2800C390E2 /* Frameworks */,
				84B6FB901F046A2800C390E2 /* Resources */,
			);
			buildRules = (
			);
			dependencies = (
				84B6FB941F046A2800C390E2 /* PBXTargetDependency */,
			);
			name = rainyShinyCloudyUITests;
			productName = rainyShinyCloudyUITests;
			productReference = 84B6FB921F046A2800C390E2 /* rainyShinyCloudyUITests.xctest */;
			productType = "com.apple.product-type.bundle.ui-testing";
		};
/* End PBXNativeTarget section */

/* Begin PBXProject section */
		84B6FB6B1F046A2700C390E2 /* Project object */ = {
			isa = PBXProject;
			attributes = {
				LastSwiftUpdateCheck = 0800;
				LastUpgradeCheck = 0800;
				ORGANIZATIONNAME = Taimoor;
				TargetAttributes = {
					84B6FB721F046A2700C390E2 = {
						CreatedOnToolsVersion = 8.0;
						DevelopmentTeam = GB5JX3BE5S;
						ProvisioningStyle = Automatic;
					};
					84B6FB861F046A2800C390E2 = {
						CreatedOnToolsVersion = 8.0;
						ProvisioningStyle = Automatic;
						TestTargetID = 84B6FB721F046A2700C390E2;
					};
					84B6FB911F046A2800C390E2 = {
						CreatedOnToolsVersion = 8.0;
						ProvisioningStyle = Automatic;
						TestTargetID = 84B6FB721F046A2700C390E2;
					};
				};
			};
			buildConfigurationList = 84B6FB6E1F046A2700C390E2 /* Build configuration list for PBXProject "rainyShinyCloudy" */;
			compatibilityVersion = "Xcode 3.2";
			developmentRegion = English;
			hasScannedForEncodings = 0;
			knownRegions = (
				en,
				Base,
			);
			mainGroup = 84B6FB6A1F046A2700C390E2;
			productRefGroup = 84B6FB741F046A2800C390E2 /* Products */;
			projectDirPath = "";
			projectRoot = "";
			targets = (
				84B6FB721F046A2700C390E2 /* rainyShinyCloudy */,
				84B6FB861F046A2800C390E2 /* rainyShinyCloudyTests */,
				84B6FB911F046A2800C390E2 /* rainyShinyCloudyUITests */,
			);
		};
/* End PBXProject section */

/* Begin PBXResourcesBuildPhase section */
		84B6FB711F046A2700C390E2 /* Resources */ = {
			isa = PBXResourcesBuildPhase;
			buildActionMask = 2147483647;
			files = (
				84B6FB811F046A2800C390E2 /* LaunchScreen.storyboard in Resources */,
				84B6FB7E1F046A2800C390E2 /* Assets.xcassets in Resources */,
				84B6FB7C1F046A2800C390E2 /* Main.storyboard in Resources */,
			);
			runOnlyForDeploymentPostprocessing = 0;
		};
		84B6FB851F046A2800C390E2 /* Resources */ = {
			isa = PBXResourcesBuildPhase;
			buildActionMask = 2147483647;
			files = (
			);
			runOnlyForDeploymentPostprocessing = 0;
		};
		84B6FB901F046A2800C390E2 /* Resources */ = {
			isa = PBXResourcesBuildPhase;
			buildActionMask = 2147483647;
			files = (
			);
			runOnlyForDeploymentPostprocessing = 0;
		};
/* End PBXResourcesBuildPhase section */

/* Begin PBXShellScriptBuildPhase section */
		2BAB9ECD3D14AA9684D37695 /* [CP] Embed Pods Frameworks */ = {
			isa = PBXShellScriptBuildPhase;
			buildActionMask = 2147483647;
			files = (
			);
			inputPaths = (
			);
			name = "[CP] Embed Pods Frameworks";
			outputPaths = (
			);
			runOnlyForDeploymentPostprocessing = 0;
			shellPath = /bin/sh;
			shellScript = "\"${SRCROOT}/Pods/Target Support Files/Pods-rainyShinyCloudy/Pods-rainyShinyCloudy-frameworks.sh\"\n";
			showEnvVarsInLog = 0;
		};
		30D3CA8D483761ACCDE91E3E /* [CP] Check Pods Manifest.lock */ = {
			isa = PBXShellScriptBuildPhase;
			buildActionMask = 2147483647;
			files = (
			);
			inputPaths = (
			);
			name = "[CP] Check Pods Manifest.lock";
			outputPaths = (
			);
			runOnlyForDeploymentPostprocessing = 0;
			shellPath = /bin/sh;
			shellScript = "diff \"${PODS_PODFILE_DIR_PATH}/Podfile.lock\" \"${PODS_ROOT}/Manifest.lock\" > /dev/null\nif [ $? != 0 ] ; then\n    # print error to STDERR\n    echo \"error: The sandbox is not in sync with the Podfile.lock. Run 'pod install' or update your CocoaPods installation.\" >&2\n    exit 1\nfi\n";
			showEnvVarsInLog = 0;
		};
		6CE67A05672048E61542AAD1 /* [CP] Copy Pods Resources */ = {
			isa = PBXShellScriptBuildPhase;
			buildActionMask = 2147483647;
			files = (
			);
			inputPaths = (
			);
			name = "[CP] Copy Pods Resources";
			outputPaths = (
			);
			runOnlyForDeploymentPostprocessing = 0;
			shellPath = /bin/sh;
			shellScript = "\"${SRCROOT}/Pods/Target Support Files/Pods-rainyShinyCloudy/Pods-rainyShinyCloudy-resources.sh\"\n";
			showEnvVarsInLog = 0;
		};
/* End PBXShellScriptBuildPhase section */

/* Begin PBXSourcesBuildPhase section */
		84B6FB6F1F046A2700C390E2 /* Sources */ = {
			isa = PBXSourcesBuildPhase;
			buildActionMask = 2147483647;
			files = (
				84B6FB791F046A2800C390E2 /* WeatherVC.swift in Sources */,
				84B6FB771F046A2800C390E2 /* AppDelegate.swift in Sources */,
				8467F3F01F080C5E00A73E6C /* WeatherCell.swift in Sources */,
				84101C391F05AD63007F2F87 /* CurrentWeather.swift in Sources */,
				84101C3B1F05B0F4007F2F87 /* Constants.swift in Sources */,
				8467F3EB1F05E24A00A73E6C /* Forecast.swift in Sources */,
				84CC7B6C1F504DEE00632863 /* Location.swift in Sources */,
			);
			runOnlyForDeploymentPostprocessing = 0;
		};
		84B6FB831F046A2800C390E2 /* Sources */ = {
			isa = PBXSourcesBuildPhase;
			buildActionMask = 2147483647;
			files = (
				84B6FB8C1F046A2800C390E2 /* rainyShinyCloudyTests.swift in Sources */,
				8467F3E81F05BB7600A73E6C /* CurrentWeather.swift in Sources */,
				8467F3F11F08174200A73E6C /* WeatherCell.swift in Sources */,
				84101C331F04A2D4007F2F87 /* WeatherVC.swift in Sources */,
				8467F3E91F05BB7900A73E6C /* Constants.swift in Sources */,
				8467F3EC1F05E24D00A73E6C /* Forecast.swift in Sources */,
			);
			runOnlyForDeploymentPostprocessing = 0;
		};
		84B6FB8E1F046A2800C390E2 /* Sources */ = {
			isa = PBXSourcesBuildPhase;
			buildActionMask = 2147483647;
			files = (
				84B6FB971F046A2800C390E2 /* rainyShinyCloudyUITests.swift in Sources */,
			);
			runOnlyForDeploymentPostprocessing = 0;
		};
/* End PBXSourcesBuildPhase section */

/* Begin PBXTargetDependency section */
		84B6FB891F046A2800C390E2 /* PBXTargetDependency */ = {
			isa = PBXTargetDependency;
			target = 84B6FB721F046A2700C390E2 /* rainyShinyCloudy */;
			targetProxy = 84B6FB881F046A2800C390E2 /* PBXContainerItemProxy */;
		};
		84B6FB941F046A2800C390E2 /* PBXTargetDependency */ = {
			isa = PBXTargetDependency;
			target = 84B6FB721F046A2700C390E2 /* rainyShinyCloudy */;
			targetProxy = 84B6FB931F046A2800C390E2 /* PBXContainerItemProxy */;
		};
/* End PBXTargetDependency section */

/* Begin PBXVariantGroup section */
		84B6FB7A1F046A2800C390E2 /* Main.storyboard */ = {
			isa = PBXVariantGroup;
			children = (
				84B6FB7B1F046A2800C390E2 /* Base */,
			);
			name = Main.storyboard;
			sourceTree = "<group>";
		};
		84B6FB7F1F046A2800C390E2 /* LaunchScreen.storyboard */ = {
			isa = PBXVariantGroup;
			children = (
				84B6FB801F046A2800C390E2 /* Base */,
			);
			name = LaunchScreen.storyboard;
			sourceTree = "<group>";
		};
/* End PBXVariantGroup section */

/* Begin XCBuildConfiguration section */
		84B6FB991F046A2800C390E2 /* Debug */ = {
			isa = XCBuildConfiguration;
			buildSettings = {
				ALWAYS_SEARCH_USER_PATHS = NO;
				CLANG_ANALYZER_NONNULL = YES;
				CLANG_CXX_LANGUAGE_STANDARD = "gnu++0x";
				CLANG_CXX_LIBRARY = "libc++";
				CLANG_ENABLE_MODULES = YES;
				CLANG_ENABLE_OBJC_ARC = YES;
				CLANG_WARN_BOOL_CONVERSION = YES;
				CLANG_WARN_CONSTANT_CONVERSION = YES;
				CLANG_WARN_DIRECT_OBJC_ISA_USAGE = YES_ERROR;
				CLANG_WARN_DOCUMENTATION_COMMENTS = YES;
				CLANG_WARN_EMPTY_BODY = YES;
				CLANG_WARN_ENUM_CONVERSION = YES;
				CLANG_WARN_INFINITE_RECURSION = YES;
				CLANG_WARN_INT_CONVERSION = YES;
				CLANG_WARN_OBJC_ROOT_CLASS = YES_ERROR;
				CLANG_WARN_SUSPICIOUS_MOVES = YES;
				CLANG_WARN_UNREACHABLE_CODE = YES;
				CLANG_WARN__DUPLICATE_METHOD_MATCH = YES;
				"CODE_SIGN_IDENTITY[sdk=iphoneos*]" = "iPhone Developer";
				COPY_PHASE_STRIP = NO;
				DEBUG_INFORMATION_FORMAT = dwarf;
				ENABLE_STRICT_OBJC_MSGSEND = YES;
				ENABLE_TESTABILITY = YES;
				GCC_C_LANGUAGE_STANDARD = gnu99;
				GCC_DYNAMIC_NO_PIC = NO;
				GCC_NO_COMMON_BLOCKS = YES;
				GCC_OPTIMIZATION_LEVEL = 0;
				GCC_PREPROCESSOR_DEFINITIONS = (
					"DEBUG=1",
					"$(inherited)",
				);
				GCC_WARN_64_TO_32_BIT_CONVERSION = YES;
				GCC_WARN_ABOUT_RETURN_TYPE = YES_ERROR;
				GCC_WARN_UNDECLARED_SELECTOR = YES;
				GCC_WARN_UNINITIALIZED_AUTOS = YES_AGGRESSIVE;
				GCC_WARN_UNUSED_FUNCTION = YES;
				GCC_WARN_UNUSED_VARIABLE = YES;
				IPHONEOS_DEPLOYMENT_TARGET = 10.0;
				MTL_ENABLE_DEBUG_INFO = YES;
				ONLY_ACTIVE_ARCH = YES;
				SDKROOT = iphoneos;
				SWIFT_ACTIVE_COMPILATION_CONDITIONS = DEBUG;
				SWIFT_OPTIMIZATION_LEVEL = "-Onone";
				TARGETED_DEVICE_FAMILY = "1,2";
			};
			name = Debug;
		};
		84B6FB9A1F046A2800C390E2 /* Release */ = {
			isa = XCBuildConfiguration;
			buildSettings = {
				ALWAYS_SEARCH_USER_PATHS = NO;
				CLANG_ANALYZER_NONNULL = YES;
				CLANG_CXX_LANGUAGE_STANDARD = "gnu++0x";
				CLANG_CXX_LIBRARY = "libc++";
				CLANG_ENABLE_MODULES = YES;
				CLANG_ENABLE_OBJC_ARC = YES;
				CLANG_WARN_BOOL_CONVERSION = YES;
				CLANG_WARN_CONSTANT_CONVERSION = YES;
				CLANG_WARN_DIRECT_OBJC_ISA_USAGE = YES_ERROR;
				CLANG_WARN_DOCUMENTATION_COMMENTS = YES;
				CLANG_WARN_EMPTY_BODY = YES;
				CLANG_WARN_ENUM_CONVERSION = YES;
				CLANG_WARN_INFINITE_RECURSION = YES;
				CLANG_WARN_INT_CONVERSION = YES;
				CLANG_WARN_OBJC_ROOT_CLASS = YES_ERROR;
				CLANG_WARN_SUSPICIOUS_MOVES = YES;
				CLANG_WARN_UNREACHABLE_CODE = YES;
				CLANG_WARN__DUPLICATE_METHOD_MATCH = YES;
				"CODE_SIGN_IDENTITY[sdk=iphoneos*]" = "iPhone Developer";
				COPY_PHASE_STRIP = NO;
				DEBUG_INFORMATION_FORMAT = "dwarf-with-dsym";
				ENABLE_NS_ASSERTIONS = NO;
				ENABLE_STRICT_OBJC_MSGSEND = YES;
				GCC_C_LANGUAGE_STANDARD = gnu99;
				GCC_NO_COMMON_BLOCKS = YES;
				GCC_WARN_64_TO_32_BIT_CONVERSION = YES;
				GCC_WARN_ABOUT_RETURN_TYPE = YES_ERROR;
				GCC_WARN_UNDECLARED_SELECTOR = YES;
				GCC_WARN_UNINITIALIZED_AUTOS = YES_AGGRESSIVE;
				GCC_WARN_UNUSED_FUNCTION = YES;
				GCC_WARN_UNUSED_VARIABLE = YES;
				IPHONEOS_DEPLOYMENT_TARGET = 10.0;
				MTL_ENABLE_DEBUG_INFO = NO;
				SDKROOT = iphoneos;
				SWIFT_OPTIMIZATION_LEVEL = "-Owholemodule";
				TARGETED_DEVICE_FAMILY = "1,2";
				VALIDATE_PRODUCT = YES;
			};
			name = Release;
		};
		84B6FB9C1F046A2800C390E2 /* Debug */ = {
			isa = XCBuildConfiguration;
			baseConfigurationReference = C3A2729009D42041C4510ABA /* Pods-rainyShinyCloudy.debug.xcconfig */;
			buildSettings = {
				ASSETCATALOG_COMPILER_APPICON_NAME = AppIcon;
				DEVELOPMENT_TEAM = GB5JX3BE5S;
				INFOPLIST_FILE = rainyShinyCloudy/Info.plist;
				LD_RUNPATH_SEARCH_PATHS = "$(inherited) @executable_path/Frameworks";
				PRODUCT_BUNDLE_IDENTIFIER = com.taimoor.rainyShinyCloudy;
				PRODUCT_NAME = "$(TARGET_NAME)";
				SWIFT_VERSION = 3.0;
			};
			name = Debug;
		};
		84B6FB9D1F046A2800C390E2 /* Release */ = {
			isa = XCBuildConfiguration;
			baseConfigurationReference = 53CE11F26DEEB17862F6FDB4 /* Pods-rainyShinyCloudy.release.xcconfig */;
			buildSettings = {
				ASSETCATALOG_COMPILER_APPICON_NAME = AppIcon;
				DEVELOPMENT_TEAM = GB5JX3BE5S;
				INFOPLIST_FILE = rainyShinyCloudy/Info.plist;
				LD_RUNPATH_SEARCH_PATHS = "$(inherited) @executable_path/Frameworks";
				PRODUCT_BUNDLE_IDENTIFIER = com.taimoor.rainyShinyCloudy;
				PRODUCT_NAME = "$(TARGET_NAME)";
				SWIFT_VERSION = 3.0;
			};
			name = Release;
		};
		84B6FB9F1F046A2800C390E2 /* Debug */ = {
			isa = XCBuildConfiguration;
			buildSettings = {
				ALWAYS_EMBED_SWIFT_STANDARD_LIBRARIES = YES;
				BUNDLE_LOADER = "$(TEST_HOST)";
				INFOPLIST_FILE = rainyShinyCloudyTests/Info.plist;
				LD_RUNPATH_SEARCH_PATHS = "$(inherited) @executable_path/Frameworks @loader_path/Frameworks";
				PRODUCT_BUNDLE_IDENTIFIER = com.taimoor.rainyShinyCloudyTests;
				PRODUCT_NAME = "$(TARGET_NAME)";
				SWIFT_VERSION = 3.0;
				TEST_HOST = "$(BUILT_PRODUCTS_DIR)/rainyShinyCloudy.app/rainyShinyCloudy";
			};
			name = Debug;
		};
		84B6FBA01F046A2800C390E2 /* Release */ = {
			isa = XCBuildConfiguration;
			buildSettings = {
				ALWAYS_EMBED_SWIFT_STANDARD_LIBRARIES = YES;
				BUNDLE_LOADER = "$(TEST_HOST)";
				INFOPLIST_FILE = rainyShinyCloudyTests/Info.plist;
				LD_RUNPATH_SEARCH_PATHS = "$(inherited) @executable_path/Frameworks @loader_path/Frameworks";
				PRODUCT_BUNDLE_IDENTIFIER = com.taimoor.rainyShinyCloudyTests;
				PRODUCT_NAME = "$(TARGET_NAME)";
				SWIFT_VERSION = 3.0;
				TEST_HOST = "$(BUILT_PRODUCTS_DIR)/rainyShinyCloudy.app/rainyShinyCloudy";
			};
			name = Release;
		};
		84B6FBA21F046A2800C390E2 /* Debug */ = {
			isa = XCBuildConfiguration;
			buildSettings = {
				ALWAYS_EMBED_SWIFT_STANDARD_LIBRARIES = YES;
				INFOPLIST_FILE = rainyShinyCloudyUITests/Info.plist;
				LD_RUNPATH_SEARCH_PATHS = "$(inherited) @executable_path/Frameworks @loader_path/Frameworks";
				PRODUCT_BUNDLE_IDENTIFIER = com.taimoor.rainyShinyCloudyUITests;
				PRODUCT_NAME = "$(TARGET_NAME)";
				SWIFT_VERSION = 3.0;
				TEST_TARGET_NAME = rainyShinyCloudy;
			};
			name = Debug;
		};
		84B6FBA31F046A2800C390E2 /* Release */ = {
			isa = XCBuildConfiguration;
			buildSettings = {
				ALWAYS_EMBED_SWIFT_STANDARD_LIBRARIES = YES;
				INFOPLIST_FILE = rainyShinyCloudyUITests/Info.plist;
				LD_RUNPATH_SEARCH_PATHS = "$(inherited) @executable_path/Frameworks @loader_path/Frameworks";
				PRODUCT_BUNDLE_IDENTIFIER = com.taimoor.rainyShinyCloudyUITests;
				PRODUCT_NAME = "$(TARGET_NAME)";
				SWIFT_VERSION = 3.0;
				TEST_TARGET_NAME = rainyShinyCloudy;
			};
			name = Release;
		};
/* End XCBuildConfiguration section */

/* Begin XCConfigurationList section */
		84B6FB6E1F046A2700C390E2 /* Build configuration list for PBXProject "rainyShinyCloudy" */ = {
			isa = XCConfigurationList;
			buildConfigurations = (
				84B6FB991F046A2800C390E2 /* Debug */,
				84B6FB9A1F046A2800C390E2 /* Release */,
			);
			defaultConfigurationIsVisible = 0;
			defaultConfigurationName = Release;
		};
		84B6FB9B1F046A2800C390E2 /* Build configuration list for PBXNativeTarget "rainyShinyCloudy" */ = {
			isa = XCConfigurationList;
			buildConfigurations = (
				84B6FB9C1F046A2800C390E2 /* Debug */,
				84B6FB9D1F046A2800C390E2 /* Release */,
			);
			defaultConfigurationIsVisible = 0;
			defaultConfigurationName = Release;
		};
		84B6FB9E1F046A2800C390E2 /* Build configuration list for PBXNativeTarget "rainyShinyCloudyTests" */ = {
			isa = XCConfigurationList;
			buildConfigurations = (
				84B6FB9F1F046A2800C390E2 /* Debug */,
				84B6FBA01F046A2800C390E2 /* Release */,
			);
			defaultConfigurationIsVisible = 0;
			defaultConfigurationName = Release;
		};
		84B6FBA11F046A2800C390E2 /* Build configuration list for PBXNativeTarget "rainyShinyCloudyUITests" */ = {
			isa = XCConfigurationList;
			buildConfigurations = (
				84B6FBA21F046A2800C390E2 /* Debug */,
				84B6FBA31F046A2800C390E2 /* Release */,
			);
			defaultConfigurationIsVisible = 0;
			defaultConfigurationName = Release;
		};
/* End XCConfigurationList section */
	};
	rootObject = 84B6FB6B1F046A2700C390E2 /* Project object */;
}
